// !$*UTF8*$!
{
	archiveVersion = 1;
	classes = {
	};
	objectVersion = 56;
	objects = {

/* Begin PBXBuildFile section */
		7501D7442BD0257A0002E201 /* GFButton.swift in Sources */ = {isa = PBXBuildFile; fileRef = 7501D7432BD0257A0002E201 /* GFButton.swift */; };
		7501D7462BD030990002E201 /* GFTextField.swift in Sources */ = {isa = PBXBuildFile; fileRef = 7501D7452BD030990002E201 /* GFTextField.swift */; };
		751AA09B2BF3D91E0025EBB5 /* UserInfoVC.swift in Sources */ = {isa = PBXBuildFile; fileRef = 751AA09A2BF3D91E0025EBB5 /* UserInfoVC.swift */; };
		752EE2522BF167B2001E0511 /* GFEmptyStateView.swift in Sources */ = {isa = PBXBuildFile; fileRef = 752EE2512BF167B2001E0511 /* GFEmptyStateView.swift */; };
		7539D1EC2BF966A600A84AEE /* Constants.swift in Sources */ = {isa = PBXBuildFile; fileRef = 7539D1EB2BF966A600A84AEE /* Constants.swift */; };
		7557FE7B2BD30E7500571377 /* FollowerListVC.swift in Sources */ = {isa = PBXBuildFile; fileRef = 7557FE7A2BD30E7500571377 /* FollowerListVC.swift */; };
		755B8B7B2BCD8AD400EF3647 /* AppDelegate.swift in Sources */ = {isa = PBXBuildFile; fileRef = 755B8B7A2BCD8AD400EF3647 /* AppDelegate.swift */; };
		755B8B7D2BCD8AD400EF3647 /* SceneDelegate.swift in Sources */ = {isa = PBXBuildFile; fileRef = 755B8B7C2BCD8AD400EF3647 /* SceneDelegate.swift */; };
		755B8B7F2BCD8AD400EF3647 /* ViewController.swift in Sources */ = {isa = PBXBuildFile; fileRef = 755B8B7E2BCD8AD400EF3647 /* ViewController.swift */; };
		755B8B842BCD8AD700EF3647 /* Assets.xcassets in Resources */ = {isa = PBXBuildFile; fileRef = 755B8B832BCD8AD700EF3647 /* Assets.xcassets */; };
		755B8B872BCD8AD700EF3647 /* LaunchScreen.storyboard in Resources */ = {isa = PBXBuildFile; fileRef = 755B8B852BCD8AD700EF3647 /* LaunchScreen.storyboard */; };
		7566E0CB2BEAA67800FB3F28 /* UIHelper.swift in Sources */ = {isa = PBXBuildFile; fileRef = 7566E0CA2BEAA67800FB3F28 /* UIHelper.swift */; };
		756CEA0F2BD4322A00FAE87E /* GFTitleLabel.swift in Sources */ = {isa = PBXBuildFile; fileRef = 756CEA0E2BD4322A00FAE87E /* GFTitleLabel.swift */; };
		756CEA112BD435CC00FAE87E /* GFBodyLabel.swift in Sources */ = {isa = PBXBuildFile; fileRef = 756CEA102BD435CC00FAE87E /* GFBodyLabel.swift */; };
		756CEA132BD43EC600FAE87E /* GFAlertVC.swift in Sources */ = {isa = PBXBuildFile; fileRef = 756CEA122BD43EC600FAE87E /* GFAlertVC.swift */; };
		756D738C2BF694CC00FC7C9C /* GFError.swift in Sources */ = {isa = PBXBuildFile; fileRef = 756D738B2BF694CC00FC7C9C /* GFError.swift */; };
		759A4DCA2BDC74C8003568F4 /* NetworkManager.swift in Sources */ = {isa = PBXBuildFile; fileRef = 759A4DC92BDC74C8003568F4 /* NetworkManager.swift */; };
		75C2444D2BD8983C001FB500 /* Follower.swift in Sources */ = {isa = PBXBuildFile; fileRef = 75C2444C2BD8983C001FB500 /* Follower.swift */; };
		75C2444F2BD89C60001FB500 /* User.swift in Sources */ = {isa = PBXBuildFile; fileRef = 75C2444E2BD89C60001FB500 /* User.swift */; };
		75CC585E2BF7E14F00977ACB /* GFSecondaryTitleLabel.swift in Sources */ = {isa = PBXBuildFile; fileRef = 75CC585D2BF7E14F00977ACB /* GFSecondaryTitleLabel.swift */; };
		75CC58602BF7E40A00977ACB /* GFUserInfoHeaderVC.swift in Sources */ = {isa = PBXBuildFile; fileRef = 75CC585F2BF7E40A00977ACB /* GFUserInfoHeaderVC.swift */; };
		75CE30FB2BFBD555005BB043 /* GFItemInfoView.swift in Sources */ = {isa = PBXBuildFile; fileRef = 75CE30FA2BFBD555005BB043 /* GFItemInfoView.swift */; };
		75D6154F2BD5FB0400DC6AB7 /* UIViewController+Ext.swift in Sources */ = {isa = PBXBuildFile; fileRef = 75D6154E2BD5FB0400DC6AB7 /* UIViewController+Ext.swift */; };
		75E820532BE15635003CBCA3 /* FollowerCell.swift in Sources */ = {isa = PBXBuildFile; fileRef = 75E820522BE15635003CBCA3 /* FollowerCell.swift */; };
		75E820552BE1580D003CBCA3 /* GFAvatarImageView.swift in Sources */ = {isa = PBXBuildFile; fileRef = 75E820542BE1580D003CBCA3 /* GFAvatarImageView.swift */; };
		75F4407B2BCEF1C200E245D2 /* SearchVC.swift in Sources */ = {isa = PBXBuildFile; fileRef = 75F4407A2BCEF1C200E245D2 /* SearchVC.swift */; };
		75F4407D2BCEF26100E245D2 /* FavoritesListVC.swift in Sources */ = {isa = PBXBuildFile; fileRef = 75F4407C2BCEF26100E245D2 /* FavoritesListVC.swift */; };
/* End PBXBuildFile section */

/* Begin PBXFileReference section */
		7501D7432BD0257A0002E201 /* GFButton.swift */ = {isa = PBXFileReference; lastKnownFileType = sourcecode.swift; path = GFButton.swift; sourceTree = "<group>"; };
		7501D7452BD030990002E201 /* GFTextField.swift */ = {isa = PBXFileReference; lastKnownFileType = sourcecode.swift; path = GFTextField.swift; sourceTree = "<group>"; };
		751AA09A2BF3D91E0025EBB5 /* UserInfoVC.swift */ = {isa = PBXFileReference; lastKnownFileType = sourcecode.swift; path = UserInfoVC.swift; sourceTree = "<group>"; };
		752EE2512BF167B2001E0511 /* GFEmptyStateView.swift */ = {isa = PBXFileReference; lastKnownFileType = sourcecode.swift; path = GFEmptyStateView.swift; sourceTree = "<group>"; };
		7539D1EB2BF966A600A84AEE /* Constants.swift */ = {isa = PBXFileReference; lastKnownFileType = sourcecode.swift; path = Constants.swift; sourceTree = "<group>"; };
		7557FE7A2BD30E7500571377 /* FollowerListVC.swift */ = {isa = PBXFileReference; lastKnownFileType = sourcecode.swift; path = FollowerListVC.swift; sourceTree = "<group>"; };
		755B8B772BCD8AD400EF3647 /* GitHubFollowers.app */ = {isa = PBXFileReference; explicitFileType = wrapper.application; includeInIndex = 0; path = GitHubFollowers.app; sourceTree = BUILT_PRODUCTS_DIR; };
		755B8B7A2BCD8AD400EF3647 /* AppDelegate.swift */ = {isa = PBXFileReference; lastKnownFileType = sourcecode.swift; path = AppDelegate.swift; sourceTree = "<group>"; };
		755B8B7C2BCD8AD400EF3647 /* SceneDelegate.swift */ = {isa = PBXFileReference; lastKnownFileType = sourcecode.swift; path = SceneDelegate.swift; sourceTree = "<group>"; };
		755B8B7E2BCD8AD400EF3647 /* ViewController.swift */ = {isa = PBXFileReference; lastKnownFileType = sourcecode.swift; path = ViewController.swift; sourceTree = "<group>"; };
		755B8B832BCD8AD700EF3647 /* Assets.xcassets */ = {isa = PBXFileReference; lastKnownFileType = folder.assetcatalog; path = Assets.xcassets; sourceTree = "<group>"; };
		755B8B862BCD8AD700EF3647 /* Base */ = {isa = PBXFileReference; lastKnownFileType = file.storyboard; name = Base; path = Base.lproj/LaunchScreen.storyboard; sourceTree = "<group>"; };
		755B8B882BCD8AD700EF3647 /* Info.plist */ = {isa = PBXFileReference; lastKnownFileType = text.plist.xml; path = Info.plist; sourceTree = "<group>"; };
		7566E0CA2BEAA67800FB3F28 /* UIHelper.swift */ = {isa = PBXFileReference; lastKnownFileType = sourcecode.swift; path = UIHelper.swift; sourceTree = "<group>"; };
		756CEA0E2BD4322A00FAE87E /* GFTitleLabel.swift */ = {isa = PBXFileReference; lastKnownFileType = sourcecode.swift; path = GFTitleLabel.swift; sourceTree = "<group>"; };
		756CEA102BD435CC00FAE87E /* GFBodyLabel.swift */ = {isa = PBXFileReference; lastKnownFileType = sourcecode.swift; path = GFBodyLabel.swift; sourceTree = "<group>"; };
		756CEA122BD43EC600FAE87E /* GFAlertVC.swift */ = {isa = PBXFileReference; lastKnownFileType = sourcecode.swift; path = GFAlertVC.swift; sourceTree = "<group>"; };
		756D738B2BF694CC00FC7C9C /* GFError.swift */ = {isa = PBXFileReference; lastKnownFileType = sourcecode.swift; path = GFError.swift; sourceTree = "<group>"; };
		759A4DC92BDC74C8003568F4 /* NetworkManager.swift */ = {isa = PBXFileReference; lastKnownFileType = sourcecode.swift; path = NetworkManager.swift; sourceTree = "<group>"; };
		75C2444C2BD8983C001FB500 /* Follower.swift */ = {isa = PBXFileReference; lastKnownFileType = sourcecode.swift; path = Follower.swift; sourceTree = "<group>"; };
		75C2444E2BD89C60001FB500 /* User.swift */ = {isa = PBXFileReference; lastKnownFileType = sourcecode.swift; path = User.swift; sourceTree = "<group>"; };
		75CC585D2BF7E14F00977ACB /* GFSecondaryTitleLabel.swift */ = {isa = PBXFileReference; lastKnownFileType = sourcecode.swift; path = GFSecondaryTitleLabel.swift; sourceTree = "<group>"; };
		75CC585F2BF7E40A00977ACB /* GFUserInfoHeaderVC.swift */ = {isa = PBXFileReference; lastKnownFileType = sourcecode.swift; path = GFUserInfoHeaderVC.swift; sourceTree = "<group>"; };
		75CE30FA2BFBD555005BB043 /* GFItemInfoView.swift */ = {isa = PBXFileReference; lastKnownFileType = sourcecode.swift; path = GFItemInfoView.swift; sourceTree = "<group>"; };
		75D6154E2BD5FB0400DC6AB7 /* UIViewController+Ext.swift */ = {isa = PBXFileReference; lastKnownFileType = sourcecode.swift; path = "UIViewController+Ext.swift"; sourceTree = "<group>"; };
		75E820522BE15635003CBCA3 /* FollowerCell.swift */ = {isa = PBXFileReference; lastKnownFileType = sourcecode.swift; path = FollowerCell.swift; sourceTree = "<group>"; };
		75E820542BE1580D003CBCA3 /* GFAvatarImageView.swift */ = {isa = PBXFileReference; lastKnownFileType = sourcecode.swift; path = GFAvatarImageView.swift; sourceTree = "<group>"; };
		75F4407A2BCEF1C200E245D2 /* SearchVC.swift */ = {isa = PBXFileReference; lastKnownFileType = sourcecode.swift; path = SearchVC.swift; sourceTree = "<group>"; };
		75F4407C2BCEF26100E245D2 /* FavoritesListVC.swift */ = {isa = PBXFileReference; lastKnownFileType = sourcecode.swift; path = FavoritesListVC.swift; sourceTree = "<group>"; };
/* End PBXFileReference section */

/* Begin PBXFrameworksBuildPhase section */
		755B8B742BCD8AD400EF3647 /* Frameworks */ = {
			isa = PBXFrameworksBuildPhase;
			buildActionMask = 2147483647;
			files = (
			);
			runOnlyForDeploymentPostprocessing = 0;
		};
/* End PBXFrameworksBuildPhase section */

/* Begin PBXGroup section */
		752EE24B2BF16549001E0511 /* Labels */ = {
			isa = PBXGroup;
			children = (
				756CEA0E2BD4322A00FAE87E /* GFTitleLabel.swift */,
				756CEA102BD435CC00FAE87E /* GFBodyLabel.swift */,
				75CC585D2BF7E14F00977ACB /* GFSecondaryTitleLabel.swift */,
			);
			path = Labels;
			sourceTree = "<group>";
		};
		752EE24C2BF16561001E0511 /* ViewControllers */ = {
			isa = PBXGroup;
			children = (
				756CEA122BD43EC600FAE87E /* GFAlertVC.swift */,
				75CC585F2BF7E40A00977ACB /* GFUserInfoHeaderVC.swift */,
			);
			path = ViewControllers;
			sourceTree = "<group>";
		};
		752EE24D2BF16570001E0511 /* ImageViews */ = {
			isa = PBXGroup;
			children = (
				75E820542BE1580D003CBCA3 /* GFAvatarImageView.swift */,
			);
			path = ImageViews;
			sourceTree = "<group>";
		};
		752EE24E2BF1657B001E0511 /* TextFields */ = {
			isa = PBXGroup;
			children = (
				7501D7452BD030990002E201 /* GFTextField.swift */,
			);
			path = TextFields;
			sourceTree = "<group>";
		};
		752EE24F2BF1658A001E0511 /* Buttons */ = {
			isa = PBXGroup;
			children = (
				7501D7432BD0257A0002E201 /* GFButton.swift */,
			);
			path = Buttons;
			sourceTree = "<group>";
		};
		752EE2502BF165D0001E0511 /* Views */ = {
			isa = PBXGroup;
			children = (
				752EE2512BF167B2001E0511 /* GFEmptyStateView.swift */,
				75CE30FA2BFBD555005BB043 /* GFItemInfoView.swift */,
			);
			path = Views;
			sourceTree = "<group>";
		};
		755B8B6E2BCD8AD400EF3647 = {
			isa = PBXGroup;
			children = (
				755B8B792BCD8AD400EF3647 /* GitHubFollowers */,
				755B8B7E2BCD8AD400EF3647 /* ViewController.swift */,
				755B8B782BCD8AD400EF3647 /* Products */,
			);
			sourceTree = "<group>";
		};
		755B8B782BCD8AD400EF3647 /* Products */ = {
			isa = PBXGroup;
			children = (
				755B8B772BCD8AD400EF3647 /* GitHubFollowers.app */,
			);
			name = Products;
			sourceTree = "<group>";
		};
		755B8B792BCD8AD400EF3647 /* GitHubFollowers */ = {
			isa = PBXGroup;
			children = (
				757D873E2BDF1E820001712B /* Utilities */,
				759A4DC82BDC74AE003568F4 /* Managers */,
				75C2444B2BD89828001FB500 /* Model */,
				75DE58422BD6FA0D00AB336A /* Extensions */,
				75DE58432BD6FA1E00AB336A /* Custom Views */,
				75DE58452BD6FA3300AB336A /* Support */,
			);
			path = GitHubFollowers;
			sourceTree = "<group>";
		};
		757D873E2BDF1E820001712B /* Utilities */ = {
			isa = PBXGroup;
			children = (
				7566E0CA2BEAA67800FB3F28 /* UIHelper.swift */,
				756D738B2BF694CC00FC7C9C /* GFError.swift */,
				7539D1EB2BF966A600A84AEE /* Constants.swift */,
			);
			path = Utilities;
			sourceTree = "<group>";
		};
		759A4DC82BDC74AE003568F4 /* Managers */ = {
			isa = PBXGroup;
			children = (
				759A4DC92BDC74C8003568F4 /* NetworkManager.swift */,
			);
			path = Managers;
			sourceTree = "<group>";
		};
		75C2444B2BD89828001FB500 /* Model */ = {
			isa = PBXGroup;
			children = (
				75C2444C2BD8983C001FB500 /* Follower.swift */,
				75C2444E2BD89C60001FB500 /* User.swift */,
			);
			path = Model;
			sourceTree = "<group>";
		};
		75DE58422BD6FA0D00AB336A /* Extensions */ = {
			isa = PBXGroup;
			children = (
				75D6154E2BD5FB0400DC6AB7 /* UIViewController+Ext.swift */,
			);
			path = Extensions;
			sourceTree = "<group>";
		};
		75DE58432BD6FA1E00AB336A /* Custom Views */ = {
			isa = PBXGroup;
			children = (
				752EE24B2BF16549001E0511 /* Labels */,
				752EE24C2BF16561001E0511 /* ViewControllers */,
				752EE24D2BF16570001E0511 /* ImageViews */,
				752EE24E2BF1657B001E0511 /* TextFields */,
				752EE24F2BF1658A001E0511 /* Buttons */,
				752EE2502BF165D0001E0511 /* Views */,
				75E820512BE15604003CBCA3 /* Cells */,
				75DE58442BD6FA2900AB336A /* Screens */,
			);
			path = "Custom Views";
			sourceTree = "<group>";
		};
		75DE58442BD6FA2900AB336A /* Screens */ = {
			isa = PBXGroup;
			children = (
				75F4407A2BCEF1C200E245D2 /* SearchVC.swift */,
				75F4407C2BCEF26100E245D2 /* FavoritesListVC.swift */,
				7557FE7A2BD30E7500571377 /* FollowerListVC.swift */,
				751AA09A2BF3D91E0025EBB5 /* UserInfoVC.swift */,
			);
			path = Screens;
			sourceTree = "<group>";
		};
		75DE58452BD6FA3300AB336A /* Support */ = {
			isa = PBXGroup;
			children = (
				755B8B7A2BCD8AD400EF3647 /* AppDelegate.swift */,
				755B8B7C2BCD8AD400EF3647 /* SceneDelegate.swift */,
				755B8B832BCD8AD700EF3647 /* Assets.xcassets */,
				755B8B852BCD8AD700EF3647 /* LaunchScreen.storyboard */,
				755B8B882BCD8AD700EF3647 /* Info.plist */,
			);
			path = Support;
			sourceTree = "<group>";
		};
		75E820512BE15604003CBCA3 /* Cells */ = {
			isa = PBXGroup;
			children = (
				75E820522BE15635003CBCA3 /* FollowerCell.swift */,
			);
			path = Cells;
			sourceTree = "<group>";
		};
/* End PBXGroup section */

/* Begin PBXNativeTarget section */
		755B8B762BCD8AD400EF3647 /* GitHubFollowers */ = {
			isa = PBXNativeTarget;
			buildConfigurationList = 755B8B8B2BCD8AD700EF3647 /* Build configuration list for PBXNativeTarget "GitHubFollowers" */;
			buildPhases = (
				755B8B732BCD8AD400EF3647 /* Sources */,
				755B8B742BCD8AD400EF3647 /* Frameworks */,
				755B8B752BCD8AD400EF3647 /* Resources */,
			);
			buildRules = (
			);
			dependencies = (
			);
			name = GitHubFollowers;
			productName = GitHubFollowers;
			productReference = 755B8B772BCD8AD400EF3647 /* GitHubFollowers.app */;
			productType = "com.apple.product-type.application";
		};
/* End PBXNativeTarget section */

/* Begin PBXProject section */
		755B8B6F2BCD8AD400EF3647 /* Project object */ = {
			isa = PBXProject;
			attributes = {
				BuildIndependentTargetsInParallel = 1;
				LastSwiftUpdateCheck = 1430;
				LastUpgradeCheck = 1430;
				TargetAttributes = {
					755B8B762BCD8AD400EF3647 = {
						CreatedOnToolsVersion = 14.3.1;
					};
				};
			};
			buildConfigurationList = 755B8B722BCD8AD400EF3647 /* Build configuration list for PBXProject "GitHubFollowers" */;
			compatibilityVersion = "Xcode 14.0";
			developmentRegion = en;
			hasScannedForEncodings = 0;
			knownRegions = (
				en,
				Base,
			);
			mainGroup = 755B8B6E2BCD8AD400EF3647;
			productRefGroup = 755B8B782BCD8AD400EF3647 /* Products */;
			projectDirPath = "";
			projectRoot = "";
			targets = (
				755B8B762BCD8AD400EF3647 /* GitHubFollowers */,
			);
		};
/* End PBXProject section */

/* Begin PBXResourcesBuildPhase section */
		755B8B752BCD8AD400EF3647 /* Resources */ = {
			isa = PBXResourcesBuildPhase;
			buildActionMask = 2147483647;
			files = (
				755B8B872BCD8AD700EF3647 /* LaunchScreen.storyboard in Resources */,
				755B8B842BCD8AD700EF3647 /* Assets.xcassets in Resources */,
			);
			runOnlyForDeploymentPostprocessing = 0;
		};
/* End PBXResourcesBuildPhase section */

/* Begin PBXSourcesBuildPhase section */
		755B8B732BCD8AD400EF3647 /* Sources */ = {
			isa = PBXSourcesBuildPhase;
			buildActionMask = 2147483647;
			files = (
				75F4407B2BCEF1C200E245D2 /* SearchVC.swift in Sources */,
				7557FE7B2BD30E7500571377 /* FollowerListVC.swift in Sources */,
				75D6154F2BD5FB0400DC6AB7 /* UIViewController+Ext.swift in Sources */,
				755B8B7F2BCD8AD400EF3647 /* ViewController.swift in Sources */,
				7501D7442BD0257A0002E201 /* GFButton.swift in Sources */,
				752EE2522BF167B2001E0511 /* GFEmptyStateView.swift in Sources */,
				75F4407D2BCEF26100E245D2 /* FavoritesListVC.swift in Sources */,
				75C2444F2BD89C60001FB500 /* User.swift in Sources */,
				756D738C2BF694CC00FC7C9C /* GFError.swift in Sources */,
				75E820532BE15635003CBCA3 /* FollowerCell.swift in Sources */,
				75E820552BE1580D003CBCA3 /* GFAvatarImageView.swift in Sources */,
				756CEA132BD43EC600FAE87E /* GFAlertVC.swift in Sources */,
				751AA09B2BF3D91E0025EBB5 /* UserInfoVC.swift in Sources */,
				75C2444D2BD8983C001FB500 /* Follower.swift in Sources */,
				755B8B7B2BCD8AD400EF3647 /* AppDelegate.swift in Sources */,
				75CC58602BF7E40A00977ACB /* GFUserInfoHeaderVC.swift in Sources */,
				75CC585E2BF7E14F00977ACB /* GFSecondaryTitleLabel.swift in Sources */,
				756CEA0F2BD4322A00FAE87E /* GFTitleLabel.swift in Sources */,
				755B8B7D2BCD8AD400EF3647 /* SceneDelegate.swift in Sources */,
				7566E0CB2BEAA67800FB3F28 /* UIHelper.swift in Sources */,
				759A4DCA2BDC74C8003568F4 /* NetworkManager.swift in Sources */,
				7501D7462BD030990002E201 /* GFTextField.swift in Sources */,
				75CE30FB2BFBD555005BB043 /* GFItemInfoView.swift in Sources */,
				756CEA112BD435CC00FAE87E /* GFBodyLabel.swift in Sources */,
				7539D1EC2BF966A600A84AEE /* Constants.swift in Sources */,
			);
			runOnlyForDeploymentPostprocessing = 0;
		};
/* End PBXSourcesBuildPhase section */

/* Begin PBXVariantGroup section */
		755B8B852BCD8AD700EF3647 /* LaunchScreen.storyboard */ = {
			isa = PBXVariantGroup;
			children = (
				755B8B862BCD8AD700EF3647 /* Base */,
			);
			name = LaunchScreen.storyboard;
			sourceTree = "<group>";
		};
/* End PBXVariantGroup section */

/* Begin XCBuildConfiguration section */
		755B8B892BCD8AD700EF3647 /* Debug */ = {
			isa = XCBuildConfiguration;
			buildSettings = {
				ALWAYS_SEARCH_USER_PATHS = NO;
				CLANG_ANALYZER_NONNULL = YES;
				CLANG_ANALYZER_NUMBER_OBJECT_CONVERSION = YES_AGGRESSIVE;
				CLANG_CXX_LANGUAGE_STANDARD = "gnu++20";
				CLANG_ENABLE_MODULES = YES;
				CLANG_ENABLE_OBJC_ARC = YES;
				CLANG_ENABLE_OBJC_WEAK = YES;
				CLANG_WARN_BLOCK_CAPTURE_AUTORELEASING = YES;
				CLANG_WARN_BOOL_CONVERSION = YES;
				CLANG_WARN_COMMA = YES;
				CLANG_WARN_CONSTANT_CONVERSION = YES;
				CLANG_WARN_DEPRECATED_OBJC_IMPLEMENTATIONS = YES;
				CLANG_WARN_DIRECT_OBJC_ISA_USAGE = YES_ERROR;
				CLANG_WARN_DOCUMENTATION_COMMENTS = YES;
				CLANG_WARN_EMPTY_BODY = YES;
				CLANG_WARN_ENUM_CONVERSION = YES;
				CLANG_WARN_INFINITE_RECURSION = YES;
				CLANG_WARN_INT_CONVERSION = YES;
				CLANG_WARN_NON_LITERAL_NULL_CONVERSION = YES;
				CLANG_WARN_OBJC_IMPLICIT_RETAIN_SELF = YES;
				CLANG_WARN_OBJC_LITERAL_CONVERSION = YES;
				CLANG_WARN_OBJC_ROOT_CLASS = YES_ERROR;
				CLANG_WARN_QUOTED_INCLUDE_IN_FRAMEWORK_HEADER = YES;
				CLANG_WARN_RANGE_LOOP_ANALYSIS = YES;
				CLANG_WARN_STRICT_PROTOTYPES = YES;
				CLANG_WARN_SUSPICIOUS_MOVE = YES;
				CLANG_WARN_UNGUARDED_AVAILABILITY = YES_AGGRESSIVE;
				CLANG_WARN_UNREACHABLE_CODE = YES;
				CLANG_WARN__DUPLICATE_METHOD_MATCH = YES;
				COPY_PHASE_STRIP = NO;
				DEBUG_INFORMATION_FORMAT = dwarf;
				ENABLE_STRICT_OBJC_MSGSEND = YES;
				ENABLE_TESTABILITY = YES;
				GCC_C_LANGUAGE_STANDARD = gnu11;
				GCC_DYNAMIC_NO_PIC = NO;
				GCC_NO_COMMON_BLOCKS = YES;
				GCC_OPTIMIZATION_LEVEL = 0;
				GCC_PREPROCESSOR_DEFINITIONS = (
					"DEBUG=1",
					"$(inherited)",
				);
				GCC_WARN_64_TO_32_BIT_CONVERSION = YES;
				GCC_WARN_ABOUT_RETURN_TYPE = YES_ERROR;
				GCC_WARN_UNDECLARED_SELECTOR = YES;
				GCC_WARN_UNINITIALIZED_AUTOS = YES_AGGRESSIVE;
				GCC_WARN_UNUSED_FUNCTION = YES;
				GCC_WARN_UNUSED_VARIABLE = YES;
				IPHONEOS_DEPLOYMENT_TARGET = 16.4;
				MTL_ENABLE_DEBUG_INFO = INCLUDE_SOURCE;
				MTL_FAST_MATH = YES;
				ONLY_ACTIVE_ARCH = YES;
				SDKROOT = iphoneos;
				SWIFT_ACTIVE_COMPILATION_CONDITIONS = DEBUG;
				SWIFT_OPTIMIZATION_LEVEL = "-Onone";
			};
			name = Debug;
		};
		755B8B8A2BCD8AD700EF3647 /* Release */ = {
			isa = XCBuildConfiguration;
			buildSettings = {
				ALWAYS_SEARCH_USER_PATHS = NO;
				CLANG_ANALYZER_NONNULL = YES;
				CLANG_ANALYZER_NUMBER_OBJECT_CONVERSION = YES_AGGRESSIVE;
				CLANG_CXX_LANGUAGE_STANDARD = "gnu++20";
				CLANG_ENABLE_MODULES = YES;
				CLANG_ENABLE_OBJC_ARC = YES;
				CLANG_ENABLE_OBJC_WEAK = YES;
				CLANG_WARN_BLOCK_CAPTURE_AUTORELEASING = YES;
				CLANG_WARN_BOOL_CONVERSION = YES;
				CLANG_WARN_COMMA = YES;
				CLANG_WARN_CONSTANT_CONVERSION = YES;
				CLANG_WARN_DEPRECATED_OBJC_IMPLEMENTATIONS = YES;
				CLANG_WARN_DIRECT_OBJC_ISA_USAGE = YES_ERROR;
				CLANG_WARN_DOCUMENTATION_COMMENTS = YES;
				CLANG_WARN_EMPTY_BODY = YES;
				CLANG_WARN_ENUM_CONVERSION = YES;
				CLANG_WARN_INFINITE_RECURSION = YES;
				CLANG_WARN_INT_CONVERSION = YES;
				CLANG_WARN_NON_LITERAL_NULL_CONVERSION = YES;
				CLANG_WARN_OBJC_IMPLICIT_RETAIN_SELF = YES;
				CLANG_WARN_OBJC_LITERAL_CONVERSION = YES;
				CLANG_WARN_OBJC_ROOT_CLASS = YES_ERROR;
				CLANG_WARN_QUOTED_INCLUDE_IN_FRAMEWORK_HEADER = YES;
				CLANG_WARN_RANGE_LOOP_ANALYSIS = YES;
				CLANG_WARN_STRICT_PROTOTYPES = YES;
				CLANG_WARN_SUSPICIOUS_MOVE = YES;
				CLANG_WARN_UNGUARDED_AVAILABILITY = YES_AGGRESSIVE;
				CLANG_WARN_UNREACHABLE_CODE = YES;
				CLANG_WARN__DUPLICATE_METHOD_MATCH = YES;
				COPY_PHASE_STRIP = NO;
				DEBUG_INFORMATION_FORMAT = "dwarf-with-dsym";
				ENABLE_NS_ASSERTIONS = NO;
				ENABLE_STRICT_OBJC_MSGSEND = YES;
				GCC_C_LANGUAGE_STANDARD = gnu11;
				GCC_NO_COMMON_BLOCKS = YES;
				GCC_WARN_64_TO_32_BIT_CONVERSION = YES;
				GCC_WARN_ABOUT_RETURN_TYPE = YES_ERROR;
				GCC_WARN_UNDECLARED_SELECTOR = YES;
				GCC_WARN_UNINITIALIZED_AUTOS = YES_AGGRESSIVE;
				GCC_WARN_UNUSED_FUNCTION = YES;
				GCC_WARN_UNUSED_VARIABLE = YES;
				IPHONEOS_DEPLOYMENT_TARGET = 16.4;
				MTL_ENABLE_DEBUG_INFO = NO;
				MTL_FAST_MATH = YES;
				SDKROOT = iphoneos;
				SWIFT_COMPILATION_MODE = wholemodule;
				SWIFT_OPTIMIZATION_LEVEL = "-O";
				VALIDATE_PRODUCT = YES;
			};
			name = Release;
		};
		755B8B8C2BCD8AD700EF3647 /* Debug */ = {
			isa = XCBuildConfiguration;
			buildSettings = {
				ASSETCATALOG_COMPILER_APPICON_NAME = AppIcon;
				ASSETCATALOG_COMPILER_GLOBAL_ACCENT_COLOR_NAME = AccentColor;
				CLANG_USE_OPTIMIZATION_PROFILE = NO;
				CODE_SIGN_STYLE = Automatic;
				CURRENT_PROJECT_VERSION = 1;
				DEVELOPMENT_TEAM = VM55LWG8PP;
				GENERATE_INFOPLIST_FILE = YES;
				INFOPLIST_FILE = GitHubFollowers/Support/Info.plist;
				INFOPLIST_KEY_UIApplicationSupportsIndirectInputEvents = YES;
				INFOPLIST_KEY_UILaunchStoryboardName = LaunchScreen;
				INFOPLIST_KEY_UISupportedInterfaceOrientations = UIInterfaceOrientationPortrait;
				INFOPLIST_KEY_UISupportedInterfaceOrientations_iPad = "UIInterfaceOrientationPortrait UIInterfaceOrientationPortraitUpsideDown";
				LD_RUNPATH_SEARCH_PATHS = (
					"$(inherited)",
					"@executable_path/Frameworks",
				);
				MARKETING_VERSION = 1.0;
				PRODUCT_BUNDLE_IDENTIFIER = com.elizeurs.GitHubFollowers;
				PRODUCT_NAME = "$(TARGET_NAME)";
				SWIFT_EMIT_LOC_STRINGS = YES;
				SWIFT_VERSION = 5.0;
				TARGETED_DEVICE_FAMILY = "1,2";
			};
			name = Debug;
		};
		755B8B8D2BCD8AD700EF3647 /* Release */ = {
			isa = XCBuildConfiguration;
			buildSettings = {
				ASSETCATALOG_COMPILER_APPICON_NAME = AppIcon;
				ASSETCATALOG_COMPILER_GLOBAL_ACCENT_COLOR_NAME = AccentColor;
				CLANG_USE_OPTIMIZATION_PROFILE = NO;
				CODE_SIGN_STYLE = Automatic;
				CURRENT_PROJECT_VERSION = 1;
				DEVELOPMENT_TEAM = VM55LWG8PP;
				GENERATE_INFOPLIST_FILE = YES;
				INFOPLIST_FILE = GitHubFollowers/Support/Info.plist;
				INFOPLIST_KEY_UIApplicationSupportsIndirectInputEvents = YES;
				INFOPLIST_KEY_UILaunchStoryboardName = LaunchScreen;
				INFOPLIST_KEY_UISupportedInterfaceOrientations = UIInterfaceOrientationPortrait;
				INFOPLIST_KEY_UISupportedInterfaceOrientations_iPad = "UIInterfaceOrientationPortrait UIInterfaceOrientationPortraitUpsideDown";
				LD_RUNPATH_SEARCH_PATHS = (
					"$(inherited)",
					"@executable_path/Frameworks",
				);
				MARKETING_VERSION = 1.0;
				PRODUCT_BUNDLE_IDENTIFIER = com.elizeurs.GitHubFollowers;
				PRODUCT_NAME = "$(TARGET_NAME)";
				SWIFT_EMIT_LOC_STRINGS = YES;
				SWIFT_VERSION = 5.0;
				TARGETED_DEVICE_FAMILY = "1,2";
			};
			name = Release;
		};
/* End XCBuildConfiguration section */

/* Begin XCConfigurationList section */
		755B8B722BCD8AD400EF3647 /* Build configuration list for PBXProject "GitHubFollowers" */ = {
			isa = XCConfigurationList;
			buildConfigurations = (
				755B8B892BCD8AD700EF3647 /* Debug */,
				755B8B8A2BCD8AD700EF3647 /* Release */,
			);
			defaultConfigurationIsVisible = 0;
			defaultConfigurationName = Release;
		};
		755B8B8B2BCD8AD700EF3647 /* Build configuration list for PBXNativeTarget "GitHubFollowers" */ = {
			isa = XCConfigurationList;
			buildConfigurations = (
				755B8B8C2BCD8AD700EF3647 /* Debug */,
				755B8B8D2BCD8AD700EF3647 /* Release */,
			);
			defaultConfigurationIsVisible = 0;
			defaultConfigurationName = Release;
		};
/* End XCConfigurationList section */
	};
	rootObject = 755B8B6F2BCD8AD400EF3647 /* Project object */;
}
